// !$*UTF8*$!
{
	archiveVersion = 1;
	classes = {
	};
	objectVersion = 46;
	objects = {

/* Begin PBXBuildFile section */
		995657F31DC1327100114FC9 /* ZXSpectrum.mm in Sources */ = {isa = PBXBuildFile; fileRef = 995657F21DC1327100114FC9 /* ZXSpectrum.mm */; };
		996318ED1DC6241C00F8F730 /* Open_SEBASIC_3.12.rom in Resources */ = {isa = PBXBuildFile; fileRef = 996318EC1DC6241C00F8F730 /* Open_SEBASIC_3.12.rom */; };
		99A265281DB6A8E300E7DFB3 /* ConfigViewController.m in Sources */ = {isa = PBXBuildFile; fileRef = 99A265261DB6A8E300E7DFB3 /* ConfigViewController.m */; };
		99A79E6A1DC14A1E00B8D4CD /* ZXSpectrum128.mm in Sources */ = {isa = PBXBuildFile; fileRef = 99A79E691DC14A1E00B8D4CD /* ZXSpectrum128.mm */; };
		99A79E6E1DC2295000B8D4CD /* 128-0.rom in Resources */ = {isa = PBXBuildFile; fileRef = 99A79E6C1DC2295000B8D4CD /* 128-0.rom */; };
		99A79E6F1DC2295000B8D4CD /* 128-1.rom in Resources */ = {isa = PBXBuildFile; fileRef = 99A79E6D1DC2295000B8D4CD /* 128-1.rom */; };
		99BFAA2A1DBA0AE00049D811 /* EmulationView.m in Sources */ = {isa = PBXBuildFile; fileRef = 99BFAA291DBA0AE00049D811 /* EmulationView.m */; };
		99BFAA2D1DBA0CA50049D811 /* EmulationWindowController.m in Sources */ = {isa = PBXBuildFile; fileRef = 99BFAA2C1DBA0CA50049D811 /* EmulationWindowController.m */; };
		99F71A801DDB13CC0093CAE4 /* CenteredClipView.m in Sources */ = {isa = PBXBuildFile; fileRef = 99F71A7F1DDB13CC0093CAE4 /* CenteredClipView.m */; };
		99F71A831DDB17B80093CAE4 /* PixelImageView.m in Sources */ = {isa = PBXBuildFile; fileRef = 99F71A821DDB17B80093CAE4 /* PixelImageView.m */; };
		99F71A861DDB1A4B0093CAE4 /* CPUViewController.mm in Sources */ = {isa = PBXBuildFile; fileRef = 99F71A851DDB1A4B0093CAE4 /* CPUViewController.mm */; };
		ED3295CC1DBE4F4E00372061 /* GameController.framework in Frameworks */ = {isa = PBXBuildFile; fileRef = ED3295CB1DBE4F4E00372061 /* GameController.framework */; };
		ED3295CE1DBE556C00372061 /* IOKit.framework in Frameworks */ = {isa = PBXBuildFile; fileRef = ED3295CD1DBE556C00372061 /* IOKit.framework */; };
		ED5E38161DDA14E700525788 /* GraphicalMemViewController.m in Sources */ = {isa = PBXBuildFile; fileRef = ED5E38151DDA14E700525788 /* GraphicalMemViewController.m */; };
		ED619C871DC0BC97004A60CA /* CALayer+Actions.m in Sources */ = {isa = PBXBuildFile; fileRef = ED619C861DC0BC97004A60CA /* CALayer+Actions.m */; };
		ED804FD71DD32443004B6F31 /* NSClipView+Flipped.m in Sources */ = {isa = PBXBuildFile; fileRef = ED804FD61DD32443004B6F31 /* NSClipView+Flipped.m */; };
		ED804FDA1DD32EAC004B6F31 /* NSView+Vibrancy.m in Sources */ = {isa = PBXBuildFile; fileRef = ED804FD91DD32EAC004B6F31 /* NSView+Vibrancy.m */; };
		EDAAD8C21E05893F0070153E /* ZXTape.m in Sources */ = {isa = PBXBuildFile; fileRef = EDAAD8C11E05893F0070153E /* ZXTape.m */; };
		EDAB3B741DC8FC74002AA8BB /* ZXSpectrumSE.mm in Sources */ = {isa = PBXBuildFile; fileRef = EDAB3B731DC8FC74002AA8BB /* ZXSpectrumSE.mm */; };
		EDEBA7A01DEEDCB000671446 /* Snapshot.mm in Sources */ = {isa = PBXBuildFile; fileRef = EDEBA79F1DEEDCB000671446 /* Snapshot.mm */; };
		EDEBA7A61DF02C9300671446 /* InfoViewController.m in Sources */ = {isa = PBXBuildFile; fileRef = EDEBA7A41DF02C9300671446 /* InfoViewController.m */; };
		EDF3A4A21DB0D60700511BAF /* AppDelegate.m in Sources */ = {isa = PBXBuildFile; fileRef = EDF3A4A11DB0D60700511BAF /* AppDelegate.m */; };
		EDF3A4A51DB0D60700511BAF /* main.m in Sources */ = {isa = PBXBuildFile; fileRef = EDF3A4A41DB0D60700511BAF /* main.m */; };
		EDF3A4A71DB0D60700511BAF /* EmulationScene.sks in Resources */ = {isa = PBXBuildFile; fileRef = EDF3A4A61DB0D60700511BAF /* EmulationScene.sks */; };
		EDF3A4A91DB0D60700511BAF /* Actions.sks in Resources */ = {isa = PBXBuildFile; fileRef = EDF3A4A81DB0D60700511BAF /* Actions.sks */; };
		EDF3A4AC1DB0D60700511BAF /* EmulationScene.m in Sources */ = {isa = PBXBuildFile; fileRef = EDF3A4AB1DB0D60700511BAF /* EmulationScene.m */; };
		EDF3A4AF1DB0D60700511BAF /* EmulationViewController.m in Sources */ = {isa = PBXBuildFile; fileRef = EDF3A4AE1DB0D60700511BAF /* EmulationViewController.m */; };
		EDF3A4B11DB0D60700511BAF /* Assets.xcassets in Resources */ = {isa = PBXBuildFile; fileRef = EDF3A4B01DB0D60700511BAF /* Assets.xcassets */; };
		EDF3A4B41DB0D60800511BAF /* Main.storyboard in Resources */ = {isa = PBXBuildFile; fileRef = EDF3A4B21DB0D60800511BAF /* Main.storyboard */; };
		EDF3A4D41DB0D7AB00511BAF /* Z80Core.cpp in Sources */ = {isa = PBXBuildFile; fileRef = EDF3A4C61DB0D7AB00511BAF /* Z80Core.cpp */; };
		EDF3A4D51DB0D7AB00511BAF /* Z80Core_MainOpcodes.cpp in Sources */ = {isa = PBXBuildFile; fileRef = EDF3A4C91DB0D7AB00511BAF /* Z80Core_MainOpcodes.cpp */; };
		EDF3A4D61DB0D7AB00511BAF /* Z80Core_CBOpcodes.cpp in Sources */ = {isa = PBXBuildFile; fileRef = EDF3A4CB1DB0D7AB00511BAF /* Z80Core_CBOpcodes.cpp */; };
		EDF3A4D71DB0D7AB00511BAF /* Z80Core_EDOpcodes.cpp in Sources */ = {isa = PBXBuildFile; fileRef = EDF3A4CD1DB0D7AB00511BAF /* Z80Core_EDOpcodes.cpp */; };
		EDF3A4D81DB0D7AB00511BAF /* Z80Core_DDOpcodes.cpp in Sources */ = {isa = PBXBuildFile; fileRef = EDF3A4CF1DB0D7AB00511BAF /* Z80Core_DDOpcodes.cpp */; };
		EDF3A4D91DB0D7AB00511BAF /* Z80Core_FDOpcodes.cpp in Sources */ = {isa = PBXBuildFile; fileRef = EDF3A4D11DB0D7AB00511BAF /* Z80Core_FDOpcodes.cpp */; };
		EDF3A4DA1DB0D7AB00511BAF /* Z80Core_DDCB_FDCBOpcodes.cpp in Sources */ = {isa = PBXBuildFile; fileRef = EDF3A4D31DB0D7AB00511BAF /* Z80Core_DDCB_FDCBOpcodes.cpp */; };
		EDF3A4E31DB0D7BB00511BAF /* 48.rom in Resources */ = {isa = PBXBuildFile; fileRef = EDF3A4DD1DB0D7BB00511BAF /* 48.rom */; };
		EDF3A4EB1DB0D7C700511BAF /* AudioCore.m in Sources */ = {isa = PBXBuildFile; fileRef = EDF3A4E81DB0D7C700511BAF /* AudioCore.m */; };
		EDF3A4EC1DB0D7C700511BAF /* AudioQueue.m in Sources */ = {isa = PBXBuildFile; fileRef = EDF3A4EA1DB0D7C700511BAF /* AudioQueue.m */; };
		EDF3A4F01DB0D7D000511BAF /* ZXSpectrum48.mm in Sources */ = {isa = PBXBuildFile; fileRef = EDF3A4EF1DB0D7D000511BAF /* ZXSpectrum48.mm */; };
		EDF3A4F31DB0D7F100511BAF /* QuartzCore.framework in Frameworks */ = {isa = PBXBuildFile; fileRef = EDF3A4F21DB0D7F100511BAF /* QuartzCore.framework */; };
		EDF3A4F81DB0F25F00511BAF /* CRT.fsh in Resources */ = {isa = PBXBuildFile; fileRef = EDF3A4F71DB0F25F00511BAF /* CRT.fsh */; };
		EDF3A4FD1DB7745700511BAF /* NSViewController+Bindings.m in Sources */ = {isa = PBXBuildFile; fileRef = EDF3A4FC1DB7745700511BAF /* NSViewController+Bindings.m */; };
		EDF3A5001DB8E22C00511BAF /* Credits.rtf in Resources */ = {isa = PBXBuildFile; fileRef = EDF3A4FF1DB8E22C00511BAF /* Credits.rtf */; };
		EDF3A5021DB8EBD500511BAF /* Defaults.plist in Resources */ = {isa = PBXBuildFile; fileRef = EDF3A5011DB8EBD500511BAF /* Defaults.plist */; };
/* End PBXBuildFile section */

/* Begin PBXFileReference section */
		995657F11DC1327100114FC9 /* ZXSpectrum.h */ = {isa = PBXFileReference; fileEncoding = 4; lastKnownFileType = sourcecode.c.h; path = ZXSpectrum.h; sourceTree = "<group>"; };
		995657F21DC1327100114FC9 /* ZXSpectrum.mm */ = {isa = PBXFileReference; fileEncoding = 4; lastKnownFileType = sourcecode.cpp.objcpp; path = ZXSpectrum.mm; sourceTree = "<group>"; };
		996318EC1DC6241C00F8F730 /* Open_SEBASIC_3.12.rom */ = {isa = PBXFileReference; lastKnownFileType = file; path = Open_SEBASIC_3.12.rom; sourceTree = "<group>"; };
		99A265251DB6A8E300E7DFB3 /* ConfigViewController.h */ = {isa = PBXFileReference; fileEncoding = 4; lastKnownFileType = sourcecode.c.h; path = ConfigViewController.h; sourceTree = "<group>"; };
		99A265261DB6A8E300E7DFB3 /* ConfigViewController.m */ = {isa = PBXFileReference; fileEncoding = 4; lastKnownFileType = sourcecode.c.objc; path = ConfigViewController.m; sourceTree = "<group>"; };
		99A79E691DC14A1E00B8D4CD /* ZXSpectrum128.mm */ = {isa = PBXFileReference; fileEncoding = 4; lastKnownFileType = sourcecode.cpp.objcpp; path = ZXSpectrum128.mm; sourceTree = "<group>"; };
		99A79E6B1DC14A2E00B8D4CD /* ZXSpectrum128.h */ = {isa = PBXFileReference; fileEncoding = 4; lastKnownFileType = sourcecode.c.h; path = ZXSpectrum128.h; sourceTree = "<group>"; };
		99A79E6C1DC2295000B8D4CD /* 128-0.rom */ = {isa = PBXFileReference; lastKnownFileType = file; path = "128-0.rom"; sourceTree = "<group>"; };
		99A79E6D1DC2295000B8D4CD /* 128-1.rom */ = {isa = PBXFileReference; lastKnownFileType = file; path = "128-1.rom"; sourceTree = "<group>"; };
		99BFAA281DBA0AE00049D811 /* EmulationView.h */ = {isa = PBXFileReference; fileEncoding = 4; lastKnownFileType = sourcecode.c.h; path = EmulationView.h; sourceTree = "<group>"; };
		99BFAA291DBA0AE00049D811 /* EmulationView.m */ = {isa = PBXFileReference; fileEncoding = 4; lastKnownFileType = sourcecode.c.objc; path = EmulationView.m; sourceTree = "<group>"; };
		99BFAA2B1DBA0CA50049D811 /* EmulationWindowController.h */ = {isa = PBXFileReference; fileEncoding = 4; lastKnownFileType = sourcecode.c.h; path = EmulationWindowController.h; sourceTree = "<group>"; };
		99BFAA2C1DBA0CA50049D811 /* EmulationWindowController.m */ = {isa = PBXFileReference; fileEncoding = 4; lastKnownFileType = sourcecode.c.objc; path = EmulationWindowController.m; sourceTree = "<group>"; };
		99F71A7E1DDB13CC0093CAE4 /* CenteredClipView.h */ = {isa = PBXFileReference; fileEncoding = 4; lastKnownFileType = sourcecode.c.h; path = CenteredClipView.h; sourceTree = "<group>"; };
		99F71A7F1DDB13CC0093CAE4 /* CenteredClipView.m */ = {isa = PBXFileReference; fileEncoding = 4; lastKnownFileType = sourcecode.c.objc; path = CenteredClipView.m; sourceTree = "<group>"; };
		99F71A811DDB17B80093CAE4 /* PixelImageView.h */ = {isa = PBXFileReference; fileEncoding = 4; lastKnownFileType = sourcecode.c.h; path = PixelImageView.h; sourceTree = "<group>"; };
		99F71A821DDB17B80093CAE4 /* PixelImageView.m */ = {isa = PBXFileReference; fileEncoding = 4; lastKnownFileType = sourcecode.c.objc; path = PixelImageView.m; sourceTree = "<group>"; };
		99F71A841DDB1A4B0093CAE4 /* CPUViewController.h */ = {isa = PBXFileReference; fileEncoding = 4; lastKnownFileType = sourcecode.c.h; path = CPUViewController.h; sourceTree = "<group>"; };
		99F71A851DDB1A4B0093CAE4 /* CPUViewController.mm */ = {isa = PBXFileReference; fileEncoding = 4; lastKnownFileType = sourcecode.cpp.objcpp; path = CPUViewController.mm; sourceTree = "<group>"; };
		ED3295CB1DBE4F4E00372061 /* GameController.framework */ = {isa = PBXFileReference; lastKnownFileType = wrapper.framework; name = GameController.framework; path = System/Library/Frameworks/GameController.framework; sourceTree = SDKROOT; };
		ED3295CD1DBE556C00372061 /* IOKit.framework */ = {isa = PBXFileReference; lastKnownFileType = wrapper.framework; name = IOKit.framework; path = System/Library/Frameworks/IOKit.framework; sourceTree = SDKROOT; };
		ED5E38141DDA14E700525788 /* GraphicalMemViewController.h */ = {isa = PBXFileReference; fileEncoding = 4; lastKnownFileType = sourcecode.c.h; path = GraphicalMemViewController.h; sourceTree = "<group>"; };
		ED5E38151DDA14E700525788 /* GraphicalMemViewController.m */ = {isa = PBXFileReference; fileEncoding = 4; lastKnownFileType = sourcecode.c.objc; path = GraphicalMemViewController.m; sourceTree = "<group>"; };
		ED619C851DC0BC97004A60CA /* CALayer+Actions.h */ = {isa = PBXFileReference; fileEncoding = 4; lastKnownFileType = sourcecode.c.h; path = "CALayer+Actions.h"; sourceTree = "<group>"; };
		ED619C861DC0BC97004A60CA /* CALayer+Actions.m */ = {isa = PBXFileReference; fileEncoding = 4; lastKnownFileType = sourcecode.c.objc; path = "CALayer+Actions.m"; sourceTree = "<group>"; };
		ED804FD51DD32443004B6F31 /* NSClipView+Flipped.h */ = {isa = PBXFileReference; fileEncoding = 4; lastKnownFileType = sourcecode.c.h; path = "NSClipView+Flipped.h"; sourceTree = "<group>"; };
		ED804FD61DD32443004B6F31 /* NSClipView+Flipped.m */ = {isa = PBXFileReference; fileEncoding = 4; lastKnownFileType = sourcecode.c.objc; path = "NSClipView+Flipped.m"; sourceTree = "<group>"; };
		ED804FD81DD32EAC004B6F31 /* NSView+Vibrancy.h */ = {isa = PBXFileReference; fileEncoding = 4; lastKnownFileType = sourcecode.c.h; path = "NSView+Vibrancy.h"; sourceTree = "<group>"; };
		ED804FD91DD32EAC004B6F31 /* NSView+Vibrancy.m */ = {isa = PBXFileReference; fileEncoding = 4; lastKnownFileType = sourcecode.c.objc; path = "NSView+Vibrancy.m"; sourceTree = "<group>"; };
		EDAAD8C01E05893F0070153E /* ZXTape.h */ = {isa = PBXFileReference; fileEncoding = 4; lastKnownFileType = sourcecode.c.h; path = ZXTape.h; sourceTree = "<group>"; };
		EDAAD8C11E05893F0070153E /* ZXTape.m */ = {isa = PBXFileReference; fileEncoding = 4; lastKnownFileType = sourcecode.c.objc; path = ZXTape.m; sourceTree = "<group>"; };
		EDAB3B721DC8FC74002AA8BB /* ZXSpectrumSE.h */ = {isa = PBXFileReference; fileEncoding = 4; lastKnownFileType = sourcecode.c.h; path = ZXSpectrumSE.h; sourceTree = "<group>"; };
		EDAB3B731DC8FC74002AA8BB /* ZXSpectrumSE.mm */ = {isa = PBXFileReference; fileEncoding = 4; lastKnownFileType = sourcecode.cpp.objcpp; path = ZXSpectrumSE.mm; sourceTree = "<group>"; };
		EDEBA79E1DEEDCB000671446 /* Snapshot.h */ = {isa = PBXFileReference; fileEncoding = 4; lastKnownFileType = sourcecode.c.h; path = Snapshot.h; sourceTree = "<group>"; };
		EDEBA79F1DEEDCB000671446 /* Snapshot.mm */ = {isa = PBXFileReference; fileEncoding = 4; lastKnownFileType = sourcecode.cpp.objcpp; path = Snapshot.mm; sourceTree = "<group>"; };
		EDEBA7A31DF02C9300671446 /* InfoViewController.h */ = {isa = PBXFileReference; fileEncoding = 4; lastKnownFileType = sourcecode.c.h; path = InfoViewController.h; sourceTree = "<group>"; };
		EDEBA7A41DF02C9300671446 /* InfoViewController.m */ = {isa = PBXFileReference; fileEncoding = 4; lastKnownFileType = sourcecode.c.objc; path = InfoViewController.m; sourceTree = "<group>"; };
		EDF3A49D1DB0D60700511BAF /* SpectREM.app */ = {isa = PBXFileReference; explicitFileType = wrapper.application; includeInIndex = 0; path = SpectREM.app; sourceTree = BUILT_PRODUCTS_DIR; };
		EDF3A4A01DB0D60700511BAF /* AppDelegate.h */ = {isa = PBXFileReference; lastKnownFileType = sourcecode.c.h; path = AppDelegate.h; sourceTree = "<group>"; };
		EDF3A4A11DB0D60700511BAF /* AppDelegate.m */ = {isa = PBXFileReference; lastKnownFileType = sourcecode.c.objc; path = AppDelegate.m; sourceTree = "<group>"; };
		EDF3A4A41DB0D60700511BAF /* main.m */ = {isa = PBXFileReference; lastKnownFileType = sourcecode.c.objc; path = main.m; sourceTree = "<group>"; };
		EDF3A4A61DB0D60700511BAF /* EmulationScene.sks */ = {isa = PBXFileReference; lastKnownFileType = file.sks; path = EmulationScene.sks; sourceTree = "<group>"; };
		EDF3A4A81DB0D60700511BAF /* Actions.sks */ = {isa = PBXFileReference; lastKnownFileType = file.sks; path = Actions.sks; sourceTree = "<group>"; };
		EDF3A4AA1DB0D60700511BAF /* EmulationScene.h */ = {isa = PBXFileReference; lastKnownFileType = sourcecode.c.h; path = EmulationScene.h; sourceTree = "<group>"; };
		EDF3A4AB1DB0D60700511BAF /* EmulationScene.m */ = {isa = PBXFileReference; lastKnownFileType = sourcecode.c.objc; path = EmulationScene.m; sourceTree = "<group>"; };
		EDF3A4AD1DB0D60700511BAF /* EmulationViewController.h */ = {isa = PBXFileReference; lastKnownFileType = sourcecode.c.h; path = EmulationViewController.h; sourceTree = "<group>"; };
		EDF3A4AE1DB0D60700511BAF /* EmulationViewController.m */ = {isa = PBXFileReference; lastKnownFileType = sourcecode.c.objc; path = EmulationViewController.m; sourceTree = "<group>"; };
		EDF3A4B01DB0D60700511BAF /* Assets.xcassets */ = {isa = PBXFileReference; lastKnownFileType = folder.assetcatalog; name = Assets.xcassets; path = SpectREM/Assets.xcassets; sourceTree = "<group>"; };
		EDF3A4B31DB0D60800511BAF /* Base */ = {isa = PBXFileReference; lastKnownFileType = file.storyboard; name = Base; path = Base.lproj/Main.storyboard; sourceTree = "<group>"; };
		EDF3A4B51DB0D60800511BAF /* Info.plist */ = {isa = PBXFileReference; lastKnownFileType = text.plist.xml; path = Info.plist; sourceTree = "<group>"; };
		EDF3A4C51DB0D7AB00511BAF /* Z80Core.h */ = {isa = PBXFileReference; fileEncoding = 4; lastKnownFileType = sourcecode.c.h; path = Z80Core.h; sourceTree = "<group>"; };
		EDF3A4C61DB0D7AB00511BAF /* Z80Core.cpp */ = {isa = PBXFileReference; fileEncoding = 4; lastKnownFileType = sourcecode.cpp.cpp; path = Z80Core.cpp; sourceTree = "<group>"; };
		EDF3A4C71DB0D7AB00511BAF /* Z80CoreOpcodeTables.h */ = {isa = PBXFileReference; fileEncoding = 4; lastKnownFileType = sourcecode.c.h; path = Z80CoreOpcodeTables.h; sourceTree = "<group>"; };
		EDF3A4C81DB0D7AB00511BAF /* Z80Core_MainOpcodes.h */ = {isa = PBXFileReference; fileEncoding = 4; lastKnownFileType = sourcecode.c.h; path = Z80Core_MainOpcodes.h; sourceTree = "<group>"; };
		EDF3A4C91DB0D7AB00511BAF /* Z80Core_MainOpcodes.cpp */ = {isa = PBXFileReference; fileEncoding = 4; lastKnownFileType = sourcecode.cpp.cpp; path = Z80Core_MainOpcodes.cpp; sourceTree = "<group>"; };
		EDF3A4CA1DB0D7AB00511BAF /* Z80Core_CBOpcodes.h */ = {isa = PBXFileReference; fileEncoding = 4; lastKnownFileType = sourcecode.c.h; path = Z80Core_CBOpcodes.h; sourceTree = "<group>"; };
		EDF3A4CB1DB0D7AB00511BAF /* Z80Core_CBOpcodes.cpp */ = {isa = PBXFileReference; fileEncoding = 4; lastKnownFileType = sourcecode.cpp.cpp; path = Z80Core_CBOpcodes.cpp; sourceTree = "<group>"; };
		EDF3A4CC1DB0D7AB00511BAF /* Z80Core_EDOpcodes.h */ = {isa = PBXFileReference; fileEncoding = 4; lastKnownFileType = sourcecode.c.h; path = Z80Core_EDOpcodes.h; sourceTree = "<group>"; };
		EDF3A4CD1DB0D7AB00511BAF /* Z80Core_EDOpcodes.cpp */ = {isa = PBXFileReference; fileEncoding = 4; lastKnownFileType = sourcecode.cpp.cpp; path = Z80Core_EDOpcodes.cpp; sourceTree = "<group>"; };
		EDF3A4CE1DB0D7AB00511BAF /* Z80Core_DDOpcodes.h */ = {isa = PBXFileReference; fileEncoding = 4; lastKnownFileType = sourcecode.c.h; path = Z80Core_DDOpcodes.h; sourceTree = "<group>"; };
		EDF3A4CF1DB0D7AB00511BAF /* Z80Core_DDOpcodes.cpp */ = {isa = PBXFileReference; fileEncoding = 4; lastKnownFileType = sourcecode.cpp.cpp; path = Z80Core_DDOpcodes.cpp; sourceTree = "<group>"; };
		EDF3A4D01DB0D7AB00511BAF /* Z80Core_FDOpcodes.h */ = {isa = PBXFileReference; fileEncoding = 4; lastKnownFileType = sourcecode.c.h; path = Z80Core_FDOpcodes.h; sourceTree = "<group>"; };
		EDF3A4D11DB0D7AB00511BAF /* Z80Core_FDOpcodes.cpp */ = {isa = PBXFileReference; fileEncoding = 4; lastKnownFileType = sourcecode.cpp.cpp; path = Z80Core_FDOpcodes.cpp; sourceTree = "<group>"; };
		EDF3A4D21DB0D7AB00511BAF /* Z80Core_DDCB_FDCBOpcodes.h */ = {isa = PBXFileReference; fileEncoding = 4; lastKnownFileType = sourcecode.c.h; path = Z80Core_DDCB_FDCBOpcodes.h; sourceTree = "<group>"; };
		EDF3A4D31DB0D7AB00511BAF /* Z80Core_DDCB_FDCBOpcodes.cpp */ = {isa = PBXFileReference; fileEncoding = 4; lastKnownFileType = sourcecode.cpp.cpp; path = Z80Core_DDCB_FDCBOpcodes.cpp; sourceTree = "<group>"; };
		EDF3A4DD1DB0D7BB00511BAF /* 48.rom */ = {isa = PBXFileReference; lastKnownFileType = file; path = 48.rom; sourceTree = "<group>"; };
		EDF3A4E71DB0D7C700511BAF /* AudioCore.h */ = {isa = PBXFileReference; fileEncoding = 4; lastKnownFileType = sourcecode.c.h; path = AudioCore.h; sourceTree = "<group>"; };
		EDF3A4E81DB0D7C700511BAF /* AudioCore.m */ = {isa = PBXFileReference; fileEncoding = 4; lastKnownFileType = sourcecode.c.objc; path = AudioCore.m; sourceTree = "<group>"; };
		EDF3A4E91DB0D7C700511BAF /* AudioQueue.h */ = {isa = PBXFileReference; fileEncoding = 4; lastKnownFileType = sourcecode.c.h; path = AudioQueue.h; sourceTree = "<group>"; };
		EDF3A4EA1DB0D7C700511BAF /* AudioQueue.m */ = {isa = PBXFileReference; fileEncoding = 4; lastKnownFileType = sourcecode.c.objc; path = AudioQueue.m; sourceTree = "<group>"; };
		EDF3A4ED1DB0D7D000511BAF /* KeyboardMatrix.h */ = {isa = PBXFileReference; fileEncoding = 4; lastKnownFileType = sourcecode.c.h; path = KeyboardMatrix.h; sourceTree = "<group>"; };
		EDF3A4EE1DB0D7D000511BAF /* ZXSpectrum48.h */ = {isa = PBXFileReference; fileEncoding = 4; lastKnownFileType = sourcecode.c.h; path = ZXSpectrum48.h; sourceTree = "<group>"; };
		EDF3A4EF1DB0D7D000511BAF /* ZXSpectrum48.mm */ = {isa = PBXFileReference; fileEncoding = 4; lastKnownFileType = sourcecode.cpp.objcpp; path = ZXSpectrum48.mm; sourceTree = "<group>"; };
		EDF3A4F21DB0D7F100511BAF /* QuartzCore.framework */ = {isa = PBXFileReference; lastKnownFileType = wrapper.framework; name = QuartzCore.framework; path = System/Library/Frameworks/QuartzCore.framework; sourceTree = SDKROOT; };
		EDF3A4F51DB0EAC900511BAF /* KeyboardEventProtocol.h */ = {isa = PBXFileReference; lastKnownFileType = sourcecode.c.h; path = KeyboardEventProtocol.h; sourceTree = "<group>"; };
		EDF3A4F71DB0F25F00511BAF /* CRT.fsh */ = {isa = PBXFileReference; fileEncoding = 4; lastKnownFileType = sourcecode.glsl; path = CRT.fsh; sourceTree = "<group>"; };
		EDF3A4FB1DB7745700511BAF /* NSViewController+Bindings.h */ = {isa = PBXFileReference; fileEncoding = 4; lastKnownFileType = sourcecode.c.h; path = "NSViewController+Bindings.h"; sourceTree = "<group>"; };
		EDF3A4FC1DB7745700511BAF /* NSViewController+Bindings.m */ = {isa = PBXFileReference; fileEncoding = 4; lastKnownFileType = sourcecode.c.objc; path = "NSViewController+Bindings.m"; sourceTree = "<group>"; };
		EDF3A4FF1DB8E22C00511BAF /* Credits.rtf */ = {isa = PBXFileReference; fileEncoding = 4; lastKnownFileType = text.rtf; path = Credits.rtf; sourceTree = "<group>"; };
		EDF3A5011DB8EBD500511BAF /* Defaults.plist */ = {isa = PBXFileReference; fileEncoding = 4; lastKnownFileType = text.plist.xml; path = Defaults.plist; sourceTree = "<group>"; };
		EDFEB2941DED8D4100ED3C25 /* MachineDetails.h */ = {isa = PBXFileReference; fileEncoding = 4; lastKnownFileType = sourcecode.c.h; path = MachineDetails.h; sourceTree = "<group>"; };
/* End PBXFileReference section */

/* Begin PBXFrameworksBuildPhase section */
		EDF3A49A1DB0D60700511BAF /* Frameworks */ = {
			isa = PBXFrameworksBuildPhase;
			buildActionMask = 2147483647;
			files = (
				ED3295CE1DBE556C00372061 /* IOKit.framework in Frameworks */,
				ED3295CC1DBE4F4E00372061 /* GameController.framework in Frameworks */,
				EDF3A4F31DB0D7F100511BAF /* QuartzCore.framework in Frameworks */,
			);
			runOnlyForDeploymentPostprocessing = 0;
		};
/* End PBXFrameworksBuildPhase section */

/* Begin PBXGroup section */
		99BFAA271DBA0AC50049D811 /* Views */ = {
			isa = PBXGroup;
			children = (
				99BFAA281DBA0AE00049D811 /* EmulationView.h */,
				99BFAA291DBA0AE00049D811 /* EmulationView.m */,
			);
			name = Views;
			sourceTree = "<group>";
		};
		99D359AD1DBD0A0300C49FAE /* Keyboard */ = {
			isa = PBXGroup;
			children = (
				EDF3A4ED1DB0D7D000511BAF /* KeyboardMatrix.h */,
				EDF3A4F51DB0EAC900511BAF /* KeyboardEventProtocol.h */,
			);
			name = Keyboard;
			sourceTree = "<group>";
		};
		ED5E380E1DD9E85900525788 /* Graphical Mem View Controller */ = {
			isa = PBXGroup;
			children = (
				ED5E38141DDA14E700525788 /* GraphicalMemViewController.h */,
				ED5E38151DDA14E700525788 /* GraphicalMemViewController.m */,
			);
			name = "Graphical Mem View Controller";
			sourceTree = "<group>";
		};
		ED619C881DC0BE39004A60CA /* Emulation View Controller */ = {
			isa = PBXGroup;
			children = (
				EDF3A4AD1DB0D60700511BAF /* EmulationViewController.h */,
				EDF3A4AE1DB0D60700511BAF /* EmulationViewController.m */,
			);
			name = "Emulation View Controller";
			sourceTree = "<group>";
		};
		ED619C891DC0BE44004A60CA /* Config View Controller */ = {
			isa = PBXGroup;
			children = (
				99A265251DB6A8E300E7DFB3 /* ConfigViewController.h */,
				99A265261DB6A8E300E7DFB3 /* ConfigViewController.m */,
			);
			name = "Config View Controller";
			sourceTree = "<group>";
		};
		ED619C8A1DC0BE5E004A60CA /* Emulation Window Controller */ = {
			isa = PBXGroup;
			children = (
				99BFAA2B1DBA0CA50049D811 /* EmulationWindowController.h */,
				99BFAA2C1DBA0CA50049D811 /* EmulationWindowController.m */,
			);
			name = "Emulation Window Controller";
			sourceTree = "<group>";
		};
		ED804FDB1DD37C57004B6F31 /* CPU View Controller */ = {
			isa = PBXGroup;
			children = (
				99F71A841DDB1A4B0093CAE4 /* CPUViewController.h */,
				99F71A851DDB1A4B0093CAE4 /* CPUViewController.mm */,
			);
			name = "CPU View Controller";
			sourceTree = "<group>";
		};
		EDEBA7A11DEEE6DE00671446 /* Snapshot/Tape */ = {
			isa = PBXGroup;
			children = (
				EDEBA79E1DEEDCB000671446 /* Snapshot.h */,
				EDEBA79F1DEEDCB000671446 /* Snapshot.mm */,
				EDAAD8C01E05893F0070153E /* ZXTape.h */,
				EDAAD8C11E05893F0070153E /* ZXTape.m */,
			);
			name = Snapshot/Tape;
			sourceTree = "<group>";
		};
		EDEBA7A21DF02C7600671446 /* Info View Controller */ = {
			isa = PBXGroup;
			children = (
				EDEBA7A31DF02C9300671446 /* InfoViewController.h */,
				EDEBA7A41DF02C9300671446 /* InfoViewController.m */,
			);
			name = "Info View Controller";
			sourceTree = "<group>";
		};
		EDF3A4941DB0D60700511BAF = {
			isa = PBXGroup;
			children = (
				EDF3A49F1DB0D60700511BAF /* SpectREM */,
				EDF3A4B01DB0D60700511BAF /* Assets.xcassets */,
				EDF3A49E1DB0D60700511BAF /* Products */,
				EDF3A4F11DB0D7F100511BAF /* Frameworks */,
			);
			sourceTree = "<group>";
		};
		EDF3A49E1DB0D60700511BAF /* Products */ = {
			isa = PBXGroup;
			children = (
				EDF3A49D1DB0D60700511BAF /* SpectREM.app */,
			);
			name = Products;
			sourceTree = "<group>";
		};
		EDF3A49F1DB0D60700511BAF /* SpectREM */ = {
			isa = PBXGroup;
			children = (
				EDF3A4FE1DB77D0F00511BAF /* Class Extensions */,
				EDF3A4F61DB0F23000511BAF /* Shaders */,
				EDF3A4C41DB0D79100511BAF /* ROMS */,
				EDF3A4C31DB0D78A00511BAF /* Z80 Core */,
				EDF3A4C11DB0D77200511BAF /* Audio Core */,
				EDF3A4BB1DB0D67D00511BAF /* App Delegate */,
				EDF3A4C01DB0D6EF00511BAF /* Main UI */,
				EDF3A4BC1DB0D68800511BAF /* Scene */,
				EDF3A4BD1DB0D69800511BAF /* View/Window Controllers */,
				99D359AD1DBD0A0300C49FAE /* Keyboard */,
				EDF3A4C21DB0D77D00511BAF /* Machines */,
				EDF3A4A31DB0D60700511BAF /* Supporting Files */,
			);
			path = SpectREM;
			sourceTree = "<group>";
		};
		EDF3A4A31DB0D60700511BAF /* Supporting Files */ = {
			isa = PBXGroup;
			children = (
				EDF3A4B51DB0D60800511BAF /* Info.plist */,
				EDF3A4A41DB0D60700511BAF /* main.m */,
				EDF3A4FF1DB8E22C00511BAF /* Credits.rtf */,
				EDF3A5011DB8EBD500511BAF /* Defaults.plist */,
			);
			name = "Supporting Files";
			sourceTree = "<group>";
		};
		EDF3A4BB1DB0D67D00511BAF /* App Delegate */ = {
			isa = PBXGroup;
			children = (
				EDF3A4A01DB0D60700511BAF /* AppDelegate.h */,
				EDF3A4A11DB0D60700511BAF /* AppDelegate.m */,
			);
			name = "App Delegate";
			sourceTree = "<group>";
		};
		EDF3A4BC1DB0D68800511BAF /* Scene */ = {
			isa = PBXGroup;
			children = (
				EDF3A4A61DB0D60700511BAF /* EmulationScene.sks */,
				EDF3A4AA1DB0D60700511BAF /* EmulationScene.h */,
				EDF3A4AB1DB0D60700511BAF /* EmulationScene.m */,
				EDF3A4BE1DB0D6A500511BAF /* Actions */,
			);
			name = Scene;
			sourceTree = "<group>";
		};
		EDF3A4BD1DB0D69800511BAF /* View/Window Controllers */ = {
			isa = PBXGroup;
			children = (
				ED619C8A1DC0BE5E004A60CA /* Emulation Window Controller */,
				ED619C881DC0BE39004A60CA /* Emulation View Controller */,
				EDEBA7A21DF02C7600671446 /* Info View Controller */,
				ED619C891DC0BE44004A60CA /* Config View Controller */,
				ED5E380E1DD9E85900525788 /* Graphical Mem View Controller */,
				ED804FDB1DD37C57004B6F31 /* CPU View Controller */,
				99BFAA271DBA0AC50049D811 /* Views */,
			);
			name = "View/Window Controllers";
			sourceTree = "<group>";
		};
		EDF3A4BE1DB0D6A500511BAF /* Actions */ = {
			isa = PBXGroup;
			children = (
				EDF3A4A81DB0D60700511BAF /* Actions.sks */,
			);
			name = Actions;
			sourceTree = "<group>";
		};
		EDF3A4C01DB0D6EF00511BAF /* Main UI */ = {
			isa = PBXGroup;
			children = (
				EDF3A4B21DB0D60800511BAF /* Main.storyboard */,
			);
			name = "Main UI";
			sourceTree = "<group>";
		};
		EDF3A4C11DB0D77200511BAF /* Audio Core */ = {
			isa = PBXGroup;
			children = (
				EDF3A4E71DB0D7C700511BAF /* AudioCore.h */,
				EDF3A4E81DB0D7C700511BAF /* AudioCore.m */,
				EDF3A4E91DB0D7C700511BAF /* AudioQueue.h */,
				EDF3A4EA1DB0D7C700511BAF /* AudioQueue.m */,
			);
			name = "Audio Core";
			sourceTree = "<group>";
		};
		EDF3A4C21DB0D77D00511BAF /* Machines */ = {
			isa = PBXGroup;
			children = (
				EDEBA7A11DEEE6DE00671446 /* Snapshot/Tape */,
				EDFEB2941DED8D4100ED3C25 /* MachineDetails.h */,
				995657F11DC1327100114FC9 /* ZXSpectrum.h */,
				995657F21DC1327100114FC9 /* ZXSpectrum.mm */,
				EDF3A4EE1DB0D7D000511BAF /* ZXSpectrum48.h */,
				EDF3A4EF1DB0D7D000511BAF /* ZXSpectrum48.mm */,
				99A79E6B1DC14A2E00B8D4CD /* ZXSpectrum128.h */,
				99A79E691DC14A1E00B8D4CD /* ZXSpectrum128.mm */,
				EDAB3B721DC8FC74002AA8BB /* ZXSpectrumSE.h */,
				EDAB3B731DC8FC74002AA8BB /* ZXSpectrumSE.mm */,
			);
			name = Machines;
			sourceTree = "<group>";
		};
		EDF3A4C31DB0D78A00511BAF /* Z80 Core */ = {
			isa = PBXGroup;
			children = (
				EDF3A4C51DB0D7AB00511BAF /* Z80Core.h */,
				EDF3A4C61DB0D7AB00511BAF /* Z80Core.cpp */,
				EDF3A4C71DB0D7AB00511BAF /* Z80CoreOpcodeTables.h */,
				EDF3A4C81DB0D7AB00511BAF /* Z80Core_MainOpcodes.h */,
				EDF3A4C91DB0D7AB00511BAF /* Z80Core_MainOpcodes.cpp */,
				EDF3A4CA1DB0D7AB00511BAF /* Z80Core_CBOpcodes.h */,
				EDF3A4CB1DB0D7AB00511BAF /* Z80Core_CBOpcodes.cpp */,
				EDF3A4CC1DB0D7AB00511BAF /* Z80Core_EDOpcodes.h */,
				EDF3A4CD1DB0D7AB00511BAF /* Z80Core_EDOpcodes.cpp */,
				EDF3A4CE1DB0D7AB00511BAF /* Z80Core_DDOpcodes.h */,
				EDF3A4CF1DB0D7AB00511BAF /* Z80Core_DDOpcodes.cpp */,
				EDF3A4D01DB0D7AB00511BAF /* Z80Core_FDOpcodes.h */,
				EDF3A4D11DB0D7AB00511BAF /* Z80Core_FDOpcodes.cpp */,
				EDF3A4D21DB0D7AB00511BAF /* Z80Core_DDCB_FDCBOpcodes.h */,
				EDF3A4D31DB0D7AB00511BAF /* Z80Core_DDCB_FDCBOpcodes.cpp */,
			);
			name = "Z80 Core";
			sourceTree = "<group>";
		};
		EDF3A4C41DB0D79100511BAF /* ROMS */ = {
			isa = PBXGroup;
			children = (
				99A79E6C1DC2295000B8D4CD /* 128-0.rom */,
				99A79E6D1DC2295000B8D4CD /* 128-1.rom */,
				EDF3A4DD1DB0D7BB00511BAF /* 48.rom */,
				996318EC1DC6241C00F8F730 /* Open_SEBASIC_3.12.rom */,
			);
			name = ROMS;
			sourceTree = "<group>";
		};
		EDF3A4F11DB0D7F100511BAF /* Frameworks */ = {
			isa = PBXGroup;
			children = (
				ED3295CD1DBE556C00372061 /* IOKit.framework */,
				ED3295CB1DBE4F4E00372061 /* GameController.framework */,
				EDF3A4F21DB0D7F100511BAF /* QuartzCore.framework */,
			);
			name = Frameworks;
			sourceTree = "<group>";
		};
		EDF3A4F61DB0F23000511BAF /* Shaders */ = {
			isa = PBXGroup;
			children = (
				EDF3A4F71DB0F25F00511BAF /* CRT.fsh */,
			);
			name = Shaders;
			sourceTree = "<group>";
		};
		EDF3A4FE1DB77D0F00511BAF /* Class Extensions */ = {
			isa = PBXGroup;
			children = (
				ED619C851DC0BC97004A60CA /* CALayer+Actions.h */,
				ED619C861DC0BC97004A60CA /* CALayer+Actions.m */,
				EDF3A4FB1DB7745700511BAF /* NSViewController+Bindings.h */,
				EDF3A4FC1DB7745700511BAF /* NSViewController+Bindings.m */,
				ED804FD51DD32443004B6F31 /* NSClipView+Flipped.h */,
				ED804FD61DD32443004B6F31 /* NSClipView+Flipped.m */,
				ED804FD81DD32EAC004B6F31 /* NSView+Vibrancy.h */,
				ED804FD91DD32EAC004B6F31 /* NSView+Vibrancy.m */,
				99F71A7E1DDB13CC0093CAE4 /* CenteredClipView.h */,
				99F71A7F1DDB13CC0093CAE4 /* CenteredClipView.m */,
				99F71A811DDB17B80093CAE4 /* PixelImageView.h */,
				99F71A821DDB17B80093CAE4 /* PixelImageView.m */,
			);
			name = "Class Extensions";
			sourceTree = "<group>";
		};
/* End PBXGroup section */

/* Begin PBXNativeTarget section */
		EDF3A49C1DB0D60700511BAF /* SpectREM */ = {
			isa = PBXNativeTarget;
			buildConfigurationList = EDF3A4B81DB0D60800511BAF /* Build configuration list for PBXNativeTarget "SpectREM" */;
			buildPhases = (
				EDF3A4991DB0D60700511BAF /* Sources */,
				EDF3A49A1DB0D60700511BAF /* Frameworks */,
				EDF3A49B1DB0D60700511BAF /* Resources */,
			);
			buildRules = (
			);
			dependencies = (
			);
			name = SpectREM;
			productName = SpectREM;
			productReference = EDF3A49D1DB0D60700511BAF /* SpectREM.app */;
			productType = "com.apple.product-type.application";
		};
/* End PBXNativeTarget section */

/* Begin PBXProject section */
		EDF3A4951DB0D60700511BAF /* Project object */ = {
			isa = PBXProject;
			attributes = {
				LastUpgradeCheck = 0810;
				ORGANIZATIONNAME = "71Squared Ltd";
				TargetAttributes = {
					EDF3A49C1DB0D60700511BAF = {
						CreatedOnToolsVersion = 8.0;
						ProvisioningStyle = Automatic;
					};
				};
			};
			buildConfigurationList = EDF3A4981DB0D60700511BAF /* Build configuration list for PBXProject "SpectREM" */;
			compatibilityVersion = "Xcode 3.2";
			developmentRegion = English;
			hasScannedForEncodings = 0;
			knownRegions = (
				en,
				Base,
			);
			mainGroup = EDF3A4941DB0D60700511BAF;
			productRefGroup = EDF3A49E1DB0D60700511BAF /* Products */;
			projectDirPath = "";
			projectRoot = "";
			targets = (
				EDF3A49C1DB0D60700511BAF /* SpectREM */,
			);
		};
/* End PBXProject section */

/* Begin PBXResourcesBuildPhase section */
		EDF3A49B1DB0D60700511BAF /* Resources */ = {
			isa = PBXResourcesBuildPhase;
			buildActionMask = 2147483647;
			files = (
				EDF3A4A71DB0D60700511BAF /* EmulationScene.sks in Resources */,
				996318ED1DC6241C00F8F730 /* Open_SEBASIC_3.12.rom in Resources */,
				EDF3A4F81DB0F25F00511BAF /* CRT.fsh in Resources */,
				99A79E6E1DC2295000B8D4CD /* 128-0.rom in Resources */,
				EDF3A5001DB8E22C00511BAF /* Credits.rtf in Resources */,
				EDF3A5021DB8EBD500511BAF /* Defaults.plist in Resources */,
				EDF3A4B11DB0D60700511BAF /* Assets.xcassets in Resources */,
				EDF3A4A91DB0D60700511BAF /* Actions.sks in Resources */,
				EDF3A4E31DB0D7BB00511BAF /* 48.rom in Resources */,
				99A79E6F1DC2295000B8D4CD /* 128-1.rom in Resources */,
				EDF3A4B41DB0D60800511BAF /* Main.storyboard in Resources */,
			);
			runOnlyForDeploymentPostprocessing = 0;
		};
/* End PBXResourcesBuildPhase section */

/* Begin PBXSourcesBuildPhase section */
		EDF3A4991DB0D60700511BAF /* Sources */ = {
			isa = PBXSourcesBuildPhase;
			buildActionMask = 2147483647;
			files = (
				EDF3A4DA1DB0D7AB00511BAF /* Z80Core_DDCB_FDCBOpcodes.cpp in Sources */,
				EDF3A4A51DB0D60700511BAF /* main.m in Sources */,
				99A79E6A1DC14A1E00B8D4CD /* ZXSpectrum128.mm in Sources */,
				EDF3A4D91DB0D7AB00511BAF /* Z80Core_FDOpcodes.cpp in Sources */,
				EDF3A4AC1DB0D60700511BAF /* EmulationScene.m in Sources */,
				99F71A861DDB1A4B0093CAE4 /* CPUViewController.mm in Sources */,
				995657F31DC1327100114FC9 /* ZXSpectrum.mm in Sources */,
				99BFAA2D1DBA0CA50049D811 /* EmulationWindowController.m in Sources */,
				EDEBA7A61DF02C9300671446 /* InfoViewController.m in Sources */,
				EDF3A4EC1DB0D7C700511BAF /* AudioQueue.m in Sources */,
				EDF3A4D51DB0D7AB00511BAF /* Z80Core_MainOpcodes.cpp in Sources */,
				ED804FDA1DD32EAC004B6F31 /* NSView+Vibrancy.m in Sources */,
				ED804FD71DD32443004B6F31 /* NSClipView+Flipped.m in Sources */,
				EDEBA7A01DEEDCB000671446 /* Snapshot.mm in Sources */,
				EDF3A4F01DB0D7D000511BAF /* ZXSpectrum48.mm in Sources */,
				99A265281DB6A8E300E7DFB3 /* ConfigViewController.m in Sources */,
				99BFAA2A1DBA0AE00049D811 /* EmulationView.m in Sources */,
				EDF3A4D61DB0D7AB00511BAF /* Z80Core_CBOpcodes.cpp in Sources */,
				EDF3A4AF1DB0D60700511BAF /* EmulationViewController.m in Sources */,
				EDF3A4D81DB0D7AB00511BAF /* Z80Core_DDOpcodes.cpp in Sources */,
				99F71A831DDB17B80093CAE4 /* PixelImageView.m in Sources */,
				ED619C871DC0BC97004A60CA /* CALayer+Actions.m in Sources */,
				EDF3A4A21DB0D60700511BAF /* AppDelegate.m in Sources */,
				EDF3A4EB1DB0D7C700511BAF /* AudioCore.m in Sources */,
				EDF3A4D71DB0D7AB00511BAF /* Z80Core_EDOpcodes.cpp in Sources */,
				ED5E38161DDA14E700525788 /* GraphicalMemViewController.m in Sources */,
				EDF3A4D41DB0D7AB00511BAF /* Z80Core.cpp in Sources */,
				EDAB3B741DC8FC74002AA8BB /* ZXSpectrumSE.mm in Sources */,
				99F71A801DDB13CC0093CAE4 /* CenteredClipView.m in Sources */,
				EDF3A4FD1DB7745700511BAF /* NSViewController+Bindings.m in Sources */,
				EDAAD8C21E05893F0070153E /* ZXTape.m in Sources */,
			);
			runOnlyForDeploymentPostprocessing = 0;
		};
/* End PBXSourcesBuildPhase section */

/* Begin PBXVariantGroup section */
		EDF3A4B21DB0D60800511BAF /* Main.storyboard */ = {
			isa = PBXVariantGroup;
			children = (
				EDF3A4B31DB0D60800511BAF /* Base */,
			);
			name = Main.storyboard;
			sourceTree = "<group>";
		};
/* End PBXVariantGroup section */

/* Begin XCBuildConfiguration section */
		EDF3A4B61DB0D60800511BAF /* Debug */ = {
			isa = XCBuildConfiguration;
			buildSettings = {
				ALWAYS_SEARCH_USER_PATHS = NO;
				CLANG_ANALYZER_NONNULL = YES;
				CLANG_CXX_LANGUAGE_STANDARD = "gnu++0x";
				CLANG_CXX_LIBRARY = "libc++";
				CLANG_ENABLE_MODULES = YES;
				CLANG_ENABLE_OBJC_ARC = YES;
				CLANG_WARN_BOOL_CONVERSION = YES;
				CLANG_WARN_CONSTANT_CONVERSION = YES;
				CLANG_WARN_DIRECT_OBJC_ISA_USAGE = YES_ERROR;
				CLANG_WARN_DOCUMENTATION_COMMENTS = YES;
				CLANG_WARN_EMPTY_BODY = YES;
				CLANG_WARN_ENUM_CONVERSION = YES;
				CLANG_WARN_INFINITE_RECURSION = YES;
				CLANG_WARN_INT_CONVERSION = YES;
				CLANG_WARN_OBJC_ROOT_CLASS = YES_ERROR;
				CLANG_WARN_SUSPICIOUS_MOVE = YES;
				CLANG_WARN_SUSPICIOUS_MOVES = YES;
				CLANG_WARN_UNREACHABLE_CODE = YES;
				CLANG_WARN__DUPLICATE_METHOD_MATCH = YES;
				CODE_SIGN_IDENTITY = "-";
				COPY_PHASE_STRIP = NO;
				DEBUG_INFORMATION_FORMAT = dwarf;
				ENABLE_STRICT_OBJC_MSGSEND = YES;
				ENABLE_TESTABILITY = YES;
				GCC_C_LANGUAGE_STANDARD = gnu99;
				GCC_DYNAMIC_NO_PIC = NO;
				GCC_NO_COMMON_BLOCKS = YES;
				GCC_OPTIMIZATION_LEVEL = 0;
				GCC_PREPROCESSOR_DEFINITIONS = (
					"DEBUG=1",
					"$(inherited)",
				);
				GCC_WARN_64_TO_32_BIT_CONVERSION = YES;
				GCC_WARN_ABOUT_RETURN_TYPE = YES_ERROR;
				GCC_WARN_UNDECLARED_SELECTOR = YES;
				GCC_WARN_UNINITIALIZED_AUTOS = YES_AGGRESSIVE;
				GCC_WARN_UNUSED_FUNCTION = YES;
				GCC_WARN_UNUSED_VARIABLE = YES;
				MACOSX_DEPLOYMENT_TARGET = 10.12;
				MTL_ENABLE_DEBUG_INFO = YES;
				ONLY_ACTIVE_ARCH = YES;
				SDKROOT = macosx;
			};
			name = Debug;
		};
		EDF3A4B71DB0D60800511BAF /* Release */ = {
			isa = XCBuildConfiguration;
			buildSettings = {
				ALWAYS_SEARCH_USER_PATHS = NO;
				CLANG_ANALYZER_NONNULL = YES;
				CLANG_CXX_LANGUAGE_STANDARD = "gnu++0x";
				CLANG_CXX_LIBRARY = "libc++";
				CLANG_ENABLE_MODULES = YES;
				CLANG_ENABLE_OBJC_ARC = YES;
				CLANG_WARN_BOOL_CONVERSION = YES;
				CLANG_WARN_CONSTANT_CONVERSION = YES;
				CLANG_WARN_DIRECT_OBJC_ISA_USAGE = YES_ERROR;
				CLANG_WARN_DOCUMENTATION_COMMENTS = YES;
				CLANG_WARN_EMPTY_BODY = YES;
				CLANG_WARN_ENUM_CONVERSION = YES;
				CLANG_WARN_INFINITE_RECURSION = YES;
				CLANG_WARN_INT_CONVERSION = YES;
				CLANG_WARN_OBJC_ROOT_CLASS = YES_ERROR;
				CLANG_WARN_SUSPICIOUS_MOVE = YES;
				CLANG_WARN_SUSPICIOUS_MOVES = YES;
				CLANG_WARN_UNREACHABLE_CODE = YES;
				CLANG_WARN__DUPLICATE_METHOD_MATCH = YES;
				CODE_SIGN_IDENTITY = "-";
				COPY_PHASE_STRIP = NO;
				DEBUG_INFORMATION_FORMAT = "dwarf-with-dsym";
				ENABLE_NS_ASSERTIONS = NO;
				ENABLE_STRICT_OBJC_MSGSEND = YES;
				GCC_C_LANGUAGE_STANDARD = gnu99;
				GCC_NO_COMMON_BLOCKS = YES;
				GCC_WARN_64_TO_32_BIT_CONVERSION = YES;
				GCC_WARN_ABOUT_RETURN_TYPE = YES_ERROR;
				GCC_WARN_UNDECLARED_SELECTOR = YES;
				GCC_WARN_UNINITIALIZED_AUTOS = YES_AGGRESSIVE;
				GCC_WARN_UNUSED_FUNCTION = YES;
				GCC_WARN_UNUSED_VARIABLE = YES;
				MACOSX_DEPLOYMENT_TARGET = 10.12;
				MTL_ENABLE_DEBUG_INFO = NO;
				SDKROOT = macosx;
			};
			name = Release;
		};
		EDF3A4B91DB0D60800511BAF /* Debug */ = {
			isa = XCBuildConfiguration;
			buildSettings = {
				ASSETCATALOG_COMPILER_APPICON_NAME = AppIcon;
				COMBINE_HIDPI_IMAGES = YES;
				INFOPLIST_FILE = SpectREM/Info.plist;
				LD_RUNPATH_SEARCH_PATHS = "$(inherited) @executable_path/../Frameworks";
				MACOSX_DEPLOYMENT_TARGET = 10.11;
				PRODUCT_BUNDLE_IDENTIFIER = com.71squared.SpectREM;
				PRODUCT_NAME = "$(TARGET_NAME)";
			};
			name = Debug;
		};
		EDF3A4BA1DB0D60800511BAF /* Release */ = {
			isa = XCBuildConfiguration;
			buildSettings = {
				ASSETCATALOG_COMPILER_APPICON_NAME = AppIcon;
				COMBINE_HIDPI_IMAGES = YES;
				INFOPLIST_FILE = SpectREM/Info.plist;
				LD_RUNPATH_SEARCH_PATHS = "$(inherited) @executable_path/../Frameworks";
				MACOSX_DEPLOYMENT_TARGET = 10.11;
				PRODUCT_BUNDLE_IDENTIFIER = com.71squared.SpectREM;
				PRODUCT_NAME = "$(TARGET_NAME)";
			};
			name = Release;
		};
/* End XCBuildConfiguration section */

/* Begin XCConfigurationList section */
		EDF3A4981DB0D60700511BAF /* Build configuration list for PBXProject "SpectREM" */ = {
			isa = XCConfigurationList;
			buildConfigurations = (
				EDF3A4B61DB0D60800511BAF /* Debug */,
				EDF3A4B71DB0D60800511BAF /* Release */,
			);
			defaultConfigurationIsVisible = 0;
			defaultConfigurationName = Release;
		};
		EDF3A4B81DB0D60800511BAF /* Build configuration list for PBXNativeTarget "SpectREM" */ = {
			isa = XCConfigurationList;
			buildConfigurations = (
				EDF3A4B91DB0D60800511BAF /* Debug */,
				EDF3A4BA1DB0D60800511BAF /* Release */,
			);
			defaultConfigurationIsVisible = 0;
			defaultConfigurationName = Release;
		};
/* End XCConfigurationList section */
	};
	rootObject = EDF3A4951DB0D60700511BAF /* Project object */;
}
